PODS:
  - Flutter (1.0.0)
  - flutter_libphonenumber_ios (1.1.4):
    - Flutter
    - PhoneNumberKit/PhoneNumberKitCore (= 3.8.0)
  - flutter_localization (0.0.1):
    - Flutter
  - flutter_secure_storage (6.0.0):
    - Flutter
  - FMDB/Core (2.7.12)
  - FMDB/SQLCipher (2.7.12):
    - FMDB/Core
    - SQLCipher (~> 4.6)
  - package_info_plus (0.4.5):
    - Flutter
  - path_provider_foundation (0.0.1):
    - Flutter
    - FlutterMacOS
  - PhoneNumberKit/PhoneNumberKitCore (3.8.0)
  - share_plus (0.0.1):
    - Flutter
  - shared_preferences_foundation (0.0.1):
    - Flutter
    - FlutterMacOS
  - sqflite_darwin (0.0.4):
    - Flutter
    - FlutterMacOS
  - sqflite_sqlcipher (0.0.1):
    - Flutter
    - FMDB/SQLCipher (~> 2.7.5)
    - SQLCipher (= 4.9.0)
  - SQLCipher (4.9.0):
    - SQLCipher/standard (= 4.9.0)
  - SQLCipher/common (4.9.0)
  - SQLCipher/standard (4.9.0):
    - SQLCipher/common

DEPENDENCIES:
  - Flutter (from `Flutter`)
  - flutter_libphonenumber_ios (from `.symlinks/plugins/flutter_libphonenumber_ios/ios`)
  - flutter_localization (from `.symlinks/plugins/flutter_localization/ios`)
  - flutter_secure_storage (from `.symlinks/plugins/flutter_secure_storage/ios`)
  - package_info_plus (from `.symlinks/plugins/package_info_plus/ios`)
  - path_provider_foundation (from `.symlinks/plugins/path_provider_foundation/darwin`)
  - share_plus (from `.symlinks/plugins/share_plus/ios`)
  - shared_preferences_foundation (from `.symlinks/plugins/shared_preferences_foundation/darwin`)
  - sqflite_darwin (from `.symlinks/plugins/sqflite_darwin/darwin`)
  - sqflite_sqlcipher (from `.symlinks/plugins/sqflite_sqlcipher/ios`)

SPEC REPOS:
  trunk:
    - FMDB
    - PhoneNumberKit
    - SQLCipher

EXTERNAL SOURCES:
  Flutter:
    :path: Flutter
  flutter_libphonenumber_ios:
    :path: ".symlinks/plugins/flutter_libphonenumber_ios/ios"
  flutter_localization:
    :path: ".symlinks/plugins/flutter_localization/ios"
  flutter_secure_storage:
    :path: ".symlinks/plugins/flutter_secure_storage/ios"
  package_info_plus:
    :path: ".symlinks/plugins/package_info_plus/ios"
  path_provider_foundation:
    :path: ".symlinks/plugins/path_provider_foundation/darwin"
  share_plus:
    :path: ".symlinks/plugins/share_plus/ios"
  shared_preferences_foundation:
    :path: ".symlinks/plugins/shared_preferences_foundation/darwin"
  sqflite_darwin:
    :path: ".symlinks/plugins/sqflite_darwin/darwin"
  sqflite_sqlcipher:
    :path: ".symlinks/plugins/sqflite_sqlcipher/ios"

SPEC CHECKSUMS:
  Flutter: e0871f40cf51350855a761d2e70bf5af5b9b5de7
  flutter_libphonenumber_ios: 6bd2fac9dfb8f37c5732451fb7c9a992f1088d86
  flutter_localization: 72299fb6cb4e51cae587bd953ed0b958040b71e6
  flutter_secure_storage: 1ed9476fba7e7a782b22888f956cce43e2c62f13
  FMDB: 728731dd336af3936ce00f91d9d8495f5718a0e6
  package_info_plus: af8e2ca6888548050f16fa2f1938db7b5a5df499
  path_provider_foundation: 080d55be775b7414fd5a5ef3ac137b97b097e564
  PhoneNumberKit: ec00ab8cef5342c1dc49fadb99d23fa7e66cf0ef
  share_plus: 50da8cb520a8f0f65671c6c6a99b3617ed10a58a
  shared_preferences_foundation: 9e1978ff2562383bd5676f64ec4e9aa8fa06a6f7
  sqflite_darwin: 20b2a3a3b70e43edae938624ce550a3cbf66a3d0
  sqflite_sqlcipher: b58fb1d53a7c47ddf808e3b2e5c516911b67e9e2
  SQLCipher: 31878d8ebd27e5c96db0b7cb695c96e9f8ad77da

PODFILE CHECKSUM: 4305caec6b40dde0ae97be1573c53de1882a07e5

COCOAPODS: 1.16.2
